
Microsoft Visual Studio Solution File, Format Version 12.00
# Visual Studio 15
VisualStudioVersion = 15.0.28307.489
MinimumVisualStudioVersion = 10.0.40219.1
Project("{FAE04EC0-301F-11D3-BF4B-00C04F79EFBC}") = "3", "3\3.csproj", "{EC40621D-87DE-45F9-AD05-C0F45A41754B}"
EndProject
Global
	GlobalSection(SolutionConfigurationPlatforms) = preSolution
		Debug|Any CPU = Debug|Any CPU
		Release|Any CPU = Release|Any CPU
	EndGlobalSection
	GlobalSection(ProjectConfigurationPlatforms) = postSolution
		{EC40621D-87DE-45F9-AD05-C0F45A41754B}.Debug|Any CPU.ActiveCfg = Debug|Any CPU
		{EC40621D-87DE-45F9-AD05-C0F45A41754B}.Debug|Any CPU.Build.0 = Debug|Any CPU
		{EC40621D-87DE-45F9-AD05-C0F45A41754B}.Release|Any CPU.ActiveCfg = Release|Any CPU
		{EC40621D-87DE-45F9-AD05-C0F45A41754B}.Release|Any CPU.Build.0 = Release|Any CPU
	EndGlobalSection
	GlobalSection(SolutionProperties) = preSolution
		HideSolutionNode = FALSE
	EndGlobalSection
	GlobalSection(ExtensibilityGlobals) = postSolution
		SolutionGuid = {D750491F-14DD-40E2-B628-EACB2CC98C38}
	EndGlobalSection
EndGlobal
